
Microsoft Visual Studio Solution File, Format Version 12.00
# Visual Studio Version 17
VisualStudioVersion = 17.2.32630.192
MinimumVisualStudioVersion = 10.0.40219.1
Project("{9A19103F-16F7-4668-BE54-9A1E7A4F7556}") = "Developist.Core.Persistence", "src\Developist.Core.Persistence\Developist.Core.Persistence.csproj", "{B9E62303-51DD-4F56-93EF-5959ABF8A040}"
EndProject
Project("{9A19103F-16F7-4668-BE54-9A1E7A4F7556}") = "Developist.Core.Persistence.EntityFrameworkCore", "src\Developist.Core.Persistence.EntityFrameworkCore\Developist.Core.Persistence.EntityFrameworkCore.csproj", "{87E8CE5A-EFF3-403A-B433-11F1EE62A9F1}"
EndProject
Project("{9A19103F-16F7-4668-BE54-9A1E7A4F7556}") = "Developist.Core.Persistence.Tests", "test\Developist.Core.Persistence.Tests\Developist.Core.Persistence.Tests.csproj", "{BDEF4EC5-AE69-4028-93ED-6916552A9234}"
EndProject
Project("{9A19103F-16F7-4668-BE54-9A1E7A4F7556}") = "Developist.Core.Persistence.EntityFrameworkCore.Tests", "test\Developist.Core.Persistence.EntityFrameworkCore.Tests\Developist.Core.Persistence.EntityFrameworkCore.Tests.csproj", "{522A9A0C-A582-4E05-A526-06DF62394EE1}"
EndProject
Project("{9A19103F-16F7-4668-BE54-9A1E7A4F7556}") = "Developist.Core.Persistence.Sample", "sample\Persistence.Sample\Developist.Core.Persistence.Sample.csproj", "{F72F8DAD-490C-4051-9C7D-62AA1B2D5496}"
EndProject
Project("{2150E333-8FDC-42A3-9474-1A3956D46DE8}") = "src", "src", "{BED46C3C-AD97-45FA-8D82-FA55B5905D2B}"
EndProject
Project("{2150E333-8FDC-42A3-9474-1A3956D46DE8}") = "test", "test", "{26F7294A-E326-4C7F-AAEA-6AE7A690B9D7}"
EndProject
Project("{2150E333-8FDC-42A3-9474-1A3956D46DE8}") = "sample", "sample", "{F1C8D7FF-48B3-4628-AFCF-B4FD006CA16F}"
EndProject
Global
	GlobalSection(SolutionConfigurationPlatforms) = preSolution
		Debug|Any CPU = Debug|Any CPU
		Release|Any CPU = Release|Any CPU
	EndGlobalSection
	GlobalSection(ProjectConfigurationPlatforms) = postSolution
		{B9E62303-51DD-4F56-93EF-5959ABF8A040}.Debug|Any CPU.ActiveCfg = Debug|Any CPU
		{B9E62303-51DD-4F56-93EF-5959ABF8A040}.Debug|Any CPU.Build.0 = Debug|Any CPU
		{B9E62303-51DD-4F56-93EF-5959ABF8A040}.Release|Any CPU.ActiveCfg = Release|Any CPU
		{B9E62303-51DD-4F56-93EF-5959ABF8A040}.Release|Any CPU.Build.0 = Release|Any CPU
		{87E8CE5A-EFF3-403A-B433-11F1EE62A9F1}.Debug|Any CPU.ActiveCfg = Debug|Any CPU
		{87E8CE5A-EFF3-403A-B433-11F1EE62A9F1}.Debug|Any CPU.Build.0 = Debug|Any CPU
		{87E8CE5A-EFF3-403A-B433-11F1EE62A9F1}.Release|Any CPU.ActiveCfg = Release|Any CPU
		{87E8CE5A-EFF3-403A-B433-11F1EE62A9F1}.Release|Any CPU.Build.0 = Release|Any CPU
		{BDEF4EC5-AE69-4028-93ED-6916552A9234}.Debug|Any CPU.ActiveCfg = Debug|Any CPU
		{BDEF4EC5-AE69-4028-93ED-6916552A9234}.Debug|Any CPU.Build.0 = Debug|Any CPU
		{BDEF4EC5-AE69-4028-93ED-6916552A9234}.Release|Any CPU.ActiveCfg = Release|Any CPU
		{BDEF4EC5-AE69-4028-93ED-6916552A9234}.Release|Any CPU.Build.0 = Release|Any CPU
		{522A9A0C-A582-4E05-A526-06DF62394EE1}.Debug|Any CPU.ActiveCfg = Debug|Any CPU
		{522A9A0C-A582-4E05-A526-06DF62394EE1}.Debug|Any CPU.Build.0 = Debug|Any CPU
		{522A9A0C-A582-4E05-A526-06DF62394EE1}.Release|Any CPU.ActiveCfg = Release|Any CPU
		{522A9A0C-A582-4E05-A526-06DF62394EE1}.Release|Any CPU.Build.0 = Release|Any CPU
		{F72F8DAD-490C-4051-9C7D-62AA1B2D5496}.Debug|Any CPU.ActiveCfg = Debug|Any CPU
		{F72F8DAD-490C-4051-9C7D-62AA1B2D5496}.Debug|Any CPU.Build.0 = Debug|Any CPU
		{F72F8DAD-490C-4051-9C7D-62AA1B2D5496}.Release|Any CPU.ActiveCfg = Release|Any CPU
		{F72F8DAD-490C-4051-9C7D-62AA1B2D5496}.Release|Any CPU.Build.0 = Release|Any CPU
	EndGlobalSection
	GlobalSection(SolutionProperties) = preSolution
		HideSolutionNode = FALSE
	EndGlobalSection
	GlobalSection(NestedProjects) = preSolution
		{B9E62303-51DD-4F56-93EF-5959ABF8A040} = {BED46C3C-AD97-45FA-8D82-FA55B5905D2B}
		{87E8CE5A-EFF3-403A-B433-11F1EE62A9F1} = {BED46C3C-AD97-45FA-8D82-FA55B5905D2B}
		{BDEF4EC5-AE69-4028-93ED-6916552A9234} = {26F7294A-E326-4C7F-AAEA-6AE7A690B9D7}
		{522A9A0C-A582-4E05-A526-06DF62394EE1} = {26F7294A-E326-4C7F-AAEA-6AE7A690B9D7}
		{F72F8DAD-490C-4051-9C7D-62AA1B2D5496} = {F1C8D7FF-48B3-4628-AFCF-B4FD006CA16F}
	EndGlobalSection
	GlobalSection(ExtensibilityGlobals) = postSolution
		SolutionGuid = {746B6BA7-4640-44D4-80EC-1DB64C8B0A38}
	EndGlobalSection
EndGlobal
